{
  "object": {
    "pins": [
      {
        "package": "TreeSitter",
        "repositoryURL": "https://github.com/tree-sitter/tree-sitter",
        "state": {
          "branch": null,
          "revision": "d97971e24500218865c05ed1febdee2acf41bae1",
          "version": "0.26.13"
        }
      }
    ]
  },
  "version": 1
}
